
Microsoft Visual Studio Solution File, Format Version 12.00
# Visual Studio 15
VisualStudioVersion = 15.0.27428.2037
MinimumVisualStudioVersion = 10.0.40219.1
Project("{FAE04EC0-301F-11D3-BF4B-00C04F79EFBC}") = "AmiKoDesitin", "AmiKoWindows\AmiKoDesitin.csproj", "{5D7DBE7B-A8B3-4988-AAE8-6419EACFD15D}"
EndProject
Project("{FAE04EC0-301F-11D3-BF4B-00C04F79EFBC}") = "CoMedDesitin", "AmiKoWindows\CoMedDesitin.csproj", "{170A60E6-3152-4E72-97B6-E7378E22CD3F}"
EndProject
Project("{FAE04EC0-301F-11D3-BF4B-00C04F79EFBC}") = "AmiKoDesitin.Test", "AmiKoWindows.Tests\AmiKoDesitin.Test.csproj", "{2FAA27FF-1376-4EE4-8473-62BD64AE0ABA}"
EndProject
Project("{FAE04EC0-301F-11D3-BF4B-00C04F79EFBC}") = "CoMedDesitin.Test", "AmiKoWindows.Tests\CoMedDesitin.Test.csproj", "{F0543A39-DB11-4241-9429-AE25480BFAB6}"
EndProject
Project("{54435603-DBB4-11D2-8724-00A0C9A8B90C}") = "Amiko Destin Installer", "Amiko Destin\Amiko Destin.vdproj", "{B9070CD4-C28D-4E94-B547-26CCF1D0A29C}"
EndProject
Project("{54435603-DBB4-11D2-8724-00A0C9A8B90C}") = "Comed Destin Installer", "Comed Destin\Comed Destin.vdproj", "{471F3072-CF46-4953-8AAF-EBD895C9A06B}"
EndProject
Global
	GlobalSection(SolutionConfigurationPlatforms) = preSolution
		Debug|Any CPU = Debug|Any CPU
		Debug|ARM = Debug|ARM
		Debug|x64 = Debug|x64
		Debug|x86 = Debug|x86
		Release|Any CPU = Release|Any CPU
		Release|ARM = Release|ARM
		Release|x64 = Release|x64
		Release|x86 = Release|x86
	EndGlobalSection
	GlobalSection(ProjectConfigurationPlatforms) = postSolution
		{5D7DBE7B-A8B3-4988-AAE8-6419EACFD15D}.Debug|Any CPU.ActiveCfg = Debug|x86
		{5D7DBE7B-A8B3-4988-AAE8-6419EACFD15D}.Debug|ARM.ActiveCfg = Debug|x86
		{5D7DBE7B-A8B3-4988-AAE8-6419EACFD15D}.Debug|x64.ActiveCfg = Debug|x64
		{5D7DBE7B-A8B3-4988-AAE8-6419EACFD15D}.Debug|x64.Build.0 = Debug|x64
		{5D7DBE7B-A8B3-4988-AAE8-6419EACFD15D}.Debug|x86.ActiveCfg = Debug|x86
		{5D7DBE7B-A8B3-4988-AAE8-6419EACFD15D}.Debug|x86.Build.0 = Debug|x86
		{5D7DBE7B-A8B3-4988-AAE8-6419EACFD15D}.Release|Any CPU.ActiveCfg = Release|x86
		{5D7DBE7B-A8B3-4988-AAE8-6419EACFD15D}.Release|ARM.ActiveCfg = Release|x86
		{5D7DBE7B-A8B3-4988-AAE8-6419EACFD15D}.Release|x64.ActiveCfg = Release|x64
		{5D7DBE7B-A8B3-4988-AAE8-6419EACFD15D}.Release|x64.Build.0 = Release|x64
		{5D7DBE7B-A8B3-4988-AAE8-6419EACFD15D}.Release|x86.ActiveCfg = Release|x86
		{5D7DBE7B-A8B3-4988-AAE8-6419EACFD15D}.Release|x86.Build.0 = Release|x86
		{170A60E6-3152-4E72-97B6-E7378E22CD3F}.Debug|Any CPU.ActiveCfg = Debug|x86
		{170A60E6-3152-4E72-97B6-E7378E22CD3F}.Debug|ARM.ActiveCfg = Debug|x86
		{170A60E6-3152-4E72-97B6-E7378E22CD3F}.Debug|x64.ActiveCfg = Debug|x64
		{170A60E6-3152-4E72-97B6-E7378E22CD3F}.Debug|x64.Build.0 = Debug|x64
		{170A60E6-3152-4E72-97B6-E7378E22CD3F}.Debug|x86.ActiveCfg = Debug|x86
		{170A60E6-3152-4E72-97B6-E7378E22CD3F}.Debug|x86.Build.0 = Debug|x86
		{170A60E6-3152-4E72-97B6-E7378E22CD3F}.Release|Any CPU.ActiveCfg = Release|x86
		{170A60E6-3152-4E72-97B6-E7378E22CD3F}.Release|ARM.ActiveCfg = Release|x86
		{170A60E6-3152-4E72-97B6-E7378E22CD3F}.Release|x64.ActiveCfg = Release|x64
		{170A60E6-3152-4E72-97B6-E7378E22CD3F}.Release|x64.Build.0 = Release|x64
		{170A60E6-3152-4E72-97B6-E7378E22CD3F}.Release|x86.ActiveCfg = Release|x86
		{170A60E6-3152-4E72-97B6-E7378E22CD3F}.Release|x86.Build.0 = Release|x86
		{2FAA27FF-1376-4EE4-8473-62BD64AE0ABA}.Debug|Any CPU.ActiveCfg = Debug|Any CPU
		{2FAA27FF-1376-4EE4-8473-62BD64AE0ABA}.Debug|Any CPU.Build.0 = Debug|Any CPU
		{2FAA27FF-1376-4EE4-8473-62BD64AE0ABA}.Debug|ARM.ActiveCfg = Debug|Any CPU
		{2FAA27FF-1376-4EE4-8473-62BD64AE0ABA}.Debug|ARM.Build.0 = Debug|Any CPU
		{2FAA27FF-1376-4EE4-8473-62BD64AE0ABA}.Debug|x64.ActiveCfg = Debug|Any CPU
		{2FAA27FF-1376-4EE4-8473-62BD64AE0ABA}.Debug|x64.Build.0 = Debug|Any CPU
		{2FAA27FF-1376-4EE4-8473-62BD64AE0ABA}.Debug|x86.ActiveCfg = Debug|Any CPU
		{2FAA27FF-1376-4EE4-8473-62BD64AE0ABA}.Debug|x86.Build.0 = Debug|Any CPU
		{2FAA27FF-1376-4EE4-8473-62BD64AE0ABA}.Release|Any CPU.ActiveCfg = Release|Any CPU
		{2FAA27FF-1376-4EE4-8473-62BD64AE0ABA}.Release|Any CPU.Build.0 = Release|Any CPU
		{2FAA27FF-1376-4EE4-8473-62BD64AE0ABA}.Release|ARM.ActiveCfg = Release|Any CPU
		{2FAA27FF-1376-4EE4-8473-62BD64AE0ABA}.Release|ARM.Build.0 = Release|Any CPU
		{2FAA27FF-1376-4EE4-8473-62BD64AE0ABA}.Release|x64.ActiveCfg = Release|Any CPU
		{2FAA27FF-1376-4EE4-8473-62BD64AE0ABA}.Release|x64.Build.0 = Release|Any CPU
		{2FAA27FF-1376-4EE4-8473-62BD64AE0ABA}.Release|x86.ActiveCfg = Release|Any CPU
		{2FAA27FF-1376-4EE4-8473-62BD64AE0ABA}.Release|x86.Build.0 = Release|Any CPU
		{F0543A39-DB11-4241-9429-AE25480BFAB6}.Debug|Any CPU.ActiveCfg = Debug|Any CPU
		{F0543A39-DB11-4241-9429-AE25480BFAB6}.Debug|Any CPU.Build.0 = Debug|Any CPU
		{F0543A39-DB11-4241-9429-AE25480BFAB6}.Debug|ARM.ActiveCfg = Debug|Any CPU
		{F0543A39-DB11-4241-9429-AE25480BFAB6}.Debug|ARM.Build.0 = Debug|Any CPU
		{F0543A39-DB11-4241-9429-AE25480BFAB6}.Debug|x64.ActiveCfg = Debug|Any CPU
		{F0543A39-DB11-4241-9429-AE25480BFAB6}.Debug|x64.Build.0 = Debug|Any CPU
		{F0543A39-DB11-4241-9429-AE25480BFAB6}.Debug|x86.ActiveCfg = Debug|Any CPU
		{F0543A39-DB11-4241-9429-AE25480BFAB6}.Debug|x86.Build.0 = Debug|Any CPU
		{F0543A39-DB11-4241-9429-AE25480BFAB6}.Release|Any CPU.ActiveCfg = Release|Any CPU
		{F0543A39-DB11-4241-9429-AE25480BFAB6}.Release|Any CPU.Build.0 = Release|Any CPU
		{F0543A39-DB11-4241-9429-AE25480BFAB6}.Release|ARM.ActiveCfg = Release|Any CPU
		{F0543A39-DB11-4241-9429-AE25480BFAB6}.Release|ARM.Build.0 = Release|Any CPU
		{F0543A39-DB11-4241-9429-AE25480BFAB6}.Release|x64.ActiveCfg = Release|Any CPU
		{F0543A39-DB11-4241-9429-AE25480BFAB6}.Release|x64.Build.0 = Release|Any CPU
		{F0543A39-DB11-4241-9429-AE25480BFAB6}.Release|x86.ActiveCfg = Release|Any CPU
		{F0543A39-DB11-4241-9429-AE25480BFAB6}.Release|x86.Build.0 = Release|Any CPU
		{B9070CD4-C28D-4E94-B547-26CCF1D0A29C}.Debug|Any CPU.ActiveCfg = Debug
		{B9070CD4-C28D-4E94-B547-26CCF1D0A29C}.Debug|ARM.ActiveCfg = Debug
		{B9070CD4-C28D-4E94-B547-26CCF1D0A29C}.Debug|x64.ActiveCfg = Debug
		{B9070CD4-C28D-4E94-B547-26CCF1D0A29C}.Debug|x86.ActiveCfg = Debug
		{B9070CD4-C28D-4E94-B547-26CCF1D0A29C}.Release|Any CPU.ActiveCfg = Release
		{B9070CD4-C28D-4E94-B547-26CCF1D0A29C}.Release|ARM.ActiveCfg = Release
		{B9070CD4-C28D-4E94-B547-26CCF1D0A29C}.Release|x64.ActiveCfg = Release
		{B9070CD4-C28D-4E94-B547-26CCF1D0A29C}.Release|x86.ActiveCfg = Release
		{471F3072-CF46-4953-8AAF-EBD895C9A06B}.Debug|Any CPU.ActiveCfg = Debug
		{471F3072-CF46-4953-8AAF-EBD895C9A06B}.Debug|ARM.ActiveCfg = Debug
		{471F3072-CF46-4953-8AAF-EBD895C9A06B}.Debug|x64.ActiveCfg = Debug
		{471F3072-CF46-4953-8AAF-EBD895C9A06B}.Debug|x86.ActiveCfg = Debug
		{471F3072-CF46-4953-8AAF-EBD895C9A06B}.Release|Any CPU.ActiveCfg = Release
		{471F3072-CF46-4953-8AAF-EBD895C9A06B}.Release|ARM.ActiveCfg = Release
		{471F3072-CF46-4953-8AAF-EBD895C9A06B}.Release|x64.ActiveCfg = Release
		{471F3072-CF46-4953-8AAF-EBD895C9A06B}.Release|x86.ActiveCfg = Release
	EndGlobalSection
	GlobalSection(SolutionProperties) = preSolution
		HideSolutionNode = FALSE
	EndGlobalSection
	GlobalSection(ExtensibilityGlobals) = postSolution
		SolutionGuid = {80827F79-9586-4A2E-8532-7FB29D9E9950}
	EndGlobalSection
EndGlobal
