
Microsoft Visual Studio Solution File, Format Version 12.00
# Visual Studio 15
VisualStudioVersion = 15.0.27428.2037
MinimumVisualStudioVersion = 10.0.40219.1
Project("{FAE04EC0-301F-11D3-BF4B-00C04F79EFBC}") = "AmiKoDesitin", "AmiKoWindows\AmiKoDesitin.csproj", "{5D7DBE7B-A8B3-4988-AAE8-6419EACFD15D}"
EndProject
Project("{FAE04EC0-301F-11D3-BF4B-00C04F79EFBC}") = "CoMedDesitin", "AmiKoWindows\CoMedDesitin.csproj", "{170A60E6-3152-4E72-97B6-E7378E22CD3F}"
EndProject
Project("{C7167F0D-BC9F-4E6E-AFE1-012C56B48DB5}") = "WapProjTemplate1", "WapProjTemplate1\WapProjTemplate1.wapproj", "{8795CF54-A488-4D60-B58D-B394C661EA4B}"
EndProject
Project("{C7167F0D-BC9F-4E6E-AFE1-012C56B48DB5}") = "AppX_Gen_AmiKo", "AppX_Gen\AppX_Gen_AmiKo.wapproj", "{0831E19F-4520-4D32-A448-6510C842C858}"
EndProject
Project("{C7167F0D-BC9F-4E6E-AFE1-012C56B48DB5}") = "AppX_Gen_CoMed", "AppX_Gen_CoMed\AppX_Gen_CoMed.wapproj", "{6F7D8D44-E602-4109-857A-CB334124E0AD}"
EndProject
Global
	GlobalSection(SolutionConfigurationPlatforms) = preSolution
		Debug|Any CPU = Debug|Any CPU
		Debug|ARM = Debug|ARM
		Debug|x64 = Debug|x64
		Debug|x86 = Debug|x86
		Release|Any CPU = Release|Any CPU
		Release|ARM = Release|ARM
		Release|x64 = Release|x64
		Release|x86 = Release|x86
	EndGlobalSection
	GlobalSection(ProjectConfigurationPlatforms) = postSolution
		{5D7DBE7B-A8B3-4988-AAE8-6419EACFD15D}.Debug|Any CPU.ActiveCfg = Debug|Any CPU
		{5D7DBE7B-A8B3-4988-AAE8-6419EACFD15D}.Debug|Any CPU.Build.0 = Debug|Any CPU
		{5D7DBE7B-A8B3-4988-AAE8-6419EACFD15D}.Debug|ARM.ActiveCfg = Debug|Any CPU
		{5D7DBE7B-A8B3-4988-AAE8-6419EACFD15D}.Debug|ARM.Build.0 = Debug|Any CPU
		{5D7DBE7B-A8B3-4988-AAE8-6419EACFD15D}.Debug|x64.ActiveCfg = Debug|Any CPU
		{5D7DBE7B-A8B3-4988-AAE8-6419EACFD15D}.Debug|x64.Build.0 = Debug|Any CPU
		{5D7DBE7B-A8B3-4988-AAE8-6419EACFD15D}.Debug|x86.ActiveCfg = Debug|Any CPU
		{5D7DBE7B-A8B3-4988-AAE8-6419EACFD15D}.Debug|x86.Build.0 = Debug|Any CPU
		{5D7DBE7B-A8B3-4988-AAE8-6419EACFD15D}.Release|Any CPU.ActiveCfg = Release|Any CPU
		{5D7DBE7B-A8B3-4988-AAE8-6419EACFD15D}.Release|Any CPU.Build.0 = Release|Any CPU
		{5D7DBE7B-A8B3-4988-AAE8-6419EACFD15D}.Release|Any CPU.Deploy.0 = Release|Any CPU
		{5D7DBE7B-A8B3-4988-AAE8-6419EACFD15D}.Release|ARM.ActiveCfg = Release|Any CPU
		{5D7DBE7B-A8B3-4988-AAE8-6419EACFD15D}.Release|ARM.Build.0 = Release|Any CPU
		{5D7DBE7B-A8B3-4988-AAE8-6419EACFD15D}.Release|x64.ActiveCfg = Release|Any CPU
		{5D7DBE7B-A8B3-4988-AAE8-6419EACFD15D}.Release|x64.Build.0 = Release|Any CPU
		{5D7DBE7B-A8B3-4988-AAE8-6419EACFD15D}.Release|x86.ActiveCfg = Release|Any CPU
		{5D7DBE7B-A8B3-4988-AAE8-6419EACFD15D}.Release|x86.Build.0 = Release|Any CPU
		{170A60E6-3152-4E72-97B6-E7378E22CD3F}.Debug|Any CPU.ActiveCfg = Debug|Any CPU
		{170A60E6-3152-4E72-97B6-E7378E22CD3F}.Debug|Any CPU.Build.0 = Debug|Any CPU
		{170A60E6-3152-4E72-97B6-E7378E22CD3F}.Debug|ARM.ActiveCfg = Debug|Any CPU
		{170A60E6-3152-4E72-97B6-E7378E22CD3F}.Debug|ARM.Build.0 = Debug|Any CPU
		{170A60E6-3152-4E72-97B6-E7378E22CD3F}.Debug|x64.ActiveCfg = Debug|Any CPU
		{170A60E6-3152-4E72-97B6-E7378E22CD3F}.Debug|x64.Build.0 = Debug|Any CPU
		{170A60E6-3152-4E72-97B6-E7378E22CD3F}.Debug|x86.ActiveCfg = Debug|Any CPU
		{170A60E6-3152-4E72-97B6-E7378E22CD3F}.Debug|x86.Build.0 = Debug|Any CPU
		{170A60E6-3152-4E72-97B6-E7378E22CD3F}.Release|Any CPU.ActiveCfg = Release|Any CPU
		{170A60E6-3152-4E72-97B6-E7378E22CD3F}.Release|Any CPU.Build.0 = Release|Any CPU
		{170A60E6-3152-4E72-97B6-E7378E22CD3F}.Release|ARM.ActiveCfg = Release|Any CPU
		{170A60E6-3152-4E72-97B6-E7378E22CD3F}.Release|ARM.Build.0 = Release|Any CPU
		{170A60E6-3152-4E72-97B6-E7378E22CD3F}.Release|x64.ActiveCfg = Release|Any CPU
		{170A60E6-3152-4E72-97B6-E7378E22CD3F}.Release|x64.Build.0 = Release|Any CPU
		{170A60E6-3152-4E72-97B6-E7378E22CD3F}.Release|x86.ActiveCfg = Release|Any CPU
		{170A60E6-3152-4E72-97B6-E7378E22CD3F}.Release|x86.Build.0 = Release|Any CPU
		{8795CF54-A488-4D60-B58D-B394C661EA4B}.Debug|Any CPU.ActiveCfg = Debug|Any CPU
		{8795CF54-A488-4D60-B58D-B394C661EA4B}.Debug|Any CPU.Build.0 = Debug|Any CPU
		{8795CF54-A488-4D60-B58D-B394C661EA4B}.Debug|Any CPU.Deploy.0 = Debug|Any CPU
		{8795CF54-A488-4D60-B58D-B394C661EA4B}.Debug|ARM.ActiveCfg = Debug|Any CPU
		{8795CF54-A488-4D60-B58D-B394C661EA4B}.Debug|ARM.Build.0 = Debug|Any CPU
		{8795CF54-A488-4D60-B58D-B394C661EA4B}.Debug|ARM.Deploy.0 = Debug|Any CPU
		{8795CF54-A488-4D60-B58D-B394C661EA4B}.Debug|x64.ActiveCfg = Debug|x64
		{8795CF54-A488-4D60-B58D-B394C661EA4B}.Debug|x64.Build.0 = Debug|x64
		{8795CF54-A488-4D60-B58D-B394C661EA4B}.Debug|x64.Deploy.0 = Debug|x64
		{8795CF54-A488-4D60-B58D-B394C661EA4B}.Debug|x86.ActiveCfg = Debug|x86
		{8795CF54-A488-4D60-B58D-B394C661EA4B}.Debug|x86.Build.0 = Debug|x86
		{8795CF54-A488-4D60-B58D-B394C661EA4B}.Debug|x86.Deploy.0 = Debug|x86
		{8795CF54-A488-4D60-B58D-B394C661EA4B}.Release|Any CPU.ActiveCfg = Release|Any CPU
		{8795CF54-A488-4D60-B58D-B394C661EA4B}.Release|Any CPU.Build.0 = Release|Any CPU
		{8795CF54-A488-4D60-B58D-B394C661EA4B}.Release|Any CPU.Deploy.0 = Release|Any CPU
		{8795CF54-A488-4D60-B58D-B394C661EA4B}.Release|ARM.ActiveCfg = Release|Any CPU
		{8795CF54-A488-4D60-B58D-B394C661EA4B}.Release|ARM.Build.0 = Release|Any CPU
		{8795CF54-A488-4D60-B58D-B394C661EA4B}.Release|ARM.Deploy.0 = Release|Any CPU
		{8795CF54-A488-4D60-B58D-B394C661EA4B}.Release|x64.ActiveCfg = Release|x64
		{8795CF54-A488-4D60-B58D-B394C661EA4B}.Release|x64.Build.0 = Release|x64
		{8795CF54-A488-4D60-B58D-B394C661EA4B}.Release|x64.Deploy.0 = Release|x64
		{8795CF54-A488-4D60-B58D-B394C661EA4B}.Release|x86.ActiveCfg = Release|x86
		{8795CF54-A488-4D60-B58D-B394C661EA4B}.Release|x86.Build.0 = Release|x86
		{8795CF54-A488-4D60-B58D-B394C661EA4B}.Release|x86.Deploy.0 = Release|x86
		{0831E19F-4520-4D32-A448-6510C842C858}.Debug|Any CPU.ActiveCfg = Debug|Any CPU
		{0831E19F-4520-4D32-A448-6510C842C858}.Debug|Any CPU.Build.0 = Debug|Any CPU
		{0831E19F-4520-4D32-A448-6510C842C858}.Debug|Any CPU.Deploy.0 = Debug|Any CPU
		{0831E19F-4520-4D32-A448-6510C842C858}.Debug|ARM.ActiveCfg = Debug|Any CPU
		{0831E19F-4520-4D32-A448-6510C842C858}.Debug|ARM.Build.0 = Debug|Any CPU
		{0831E19F-4520-4D32-A448-6510C842C858}.Debug|ARM.Deploy.0 = Debug|Any CPU
		{0831E19F-4520-4D32-A448-6510C842C858}.Debug|x64.ActiveCfg = Debug|x64
		{0831E19F-4520-4D32-A448-6510C842C858}.Debug|x64.Build.0 = Debug|x64
		{0831E19F-4520-4D32-A448-6510C842C858}.Debug|x64.Deploy.0 = Debug|x64
		{0831E19F-4520-4D32-A448-6510C842C858}.Debug|x86.ActiveCfg = Debug|x86
		{0831E19F-4520-4D32-A448-6510C842C858}.Debug|x86.Build.0 = Debug|x86
		{0831E19F-4520-4D32-A448-6510C842C858}.Debug|x86.Deploy.0 = Debug|x86
		{0831E19F-4520-4D32-A448-6510C842C858}.Release|Any CPU.ActiveCfg = Release|Any CPU
		{0831E19F-4520-4D32-A448-6510C842C858}.Release|Any CPU.Build.0 = Release|Any CPU
		{0831E19F-4520-4D32-A448-6510C842C858}.Release|Any CPU.Deploy.0 = Release|Any CPU
		{0831E19F-4520-4D32-A448-6510C842C858}.Release|ARM.ActiveCfg = Release|Any CPU
		{0831E19F-4520-4D32-A448-6510C842C858}.Release|ARM.Build.0 = Release|Any CPU
		{0831E19F-4520-4D32-A448-6510C842C858}.Release|ARM.Deploy.0 = Release|Any CPU
		{0831E19F-4520-4D32-A448-6510C842C858}.Release|x64.ActiveCfg = Release|x64
		{0831E19F-4520-4D32-A448-6510C842C858}.Release|x64.Build.0 = Release|x64
		{0831E19F-4520-4D32-A448-6510C842C858}.Release|x64.Deploy.0 = Release|x64
		{0831E19F-4520-4D32-A448-6510C842C858}.Release|x86.ActiveCfg = Release|x86
		{0831E19F-4520-4D32-A448-6510C842C858}.Release|x86.Build.0 = Release|x86
		{0831E19F-4520-4D32-A448-6510C842C858}.Release|x86.Deploy.0 = Release|x86
		{6F7D8D44-E602-4109-857A-CB334124E0AD}.Debug|Any CPU.ActiveCfg = Debug|Any CPU
		{6F7D8D44-E602-4109-857A-CB334124E0AD}.Debug|Any CPU.Build.0 = Debug|Any CPU
		{6F7D8D44-E602-4109-857A-CB334124E0AD}.Debug|Any CPU.Deploy.0 = Debug|Any CPU
		{6F7D8D44-E602-4109-857A-CB334124E0AD}.Debug|ARM.ActiveCfg = Debug|Any CPU
		{6F7D8D44-E602-4109-857A-CB334124E0AD}.Debug|ARM.Build.0 = Debug|Any CPU
		{6F7D8D44-E602-4109-857A-CB334124E0AD}.Debug|ARM.Deploy.0 = Debug|Any CPU
		{6F7D8D44-E602-4109-857A-CB334124E0AD}.Debug|x64.ActiveCfg = Debug|x64
		{6F7D8D44-E602-4109-857A-CB334124E0AD}.Debug|x64.Build.0 = Debug|x64
		{6F7D8D44-E602-4109-857A-CB334124E0AD}.Debug|x64.Deploy.0 = Debug|x64
		{6F7D8D44-E602-4109-857A-CB334124E0AD}.Debug|x86.ActiveCfg = Debug|x86
		{6F7D8D44-E602-4109-857A-CB334124E0AD}.Debug|x86.Build.0 = Debug|x86
		{6F7D8D44-E602-4109-857A-CB334124E0AD}.Debug|x86.Deploy.0 = Debug|x86
		{6F7D8D44-E602-4109-857A-CB334124E0AD}.Release|Any CPU.ActiveCfg = Release|Any CPU
		{6F7D8D44-E602-4109-857A-CB334124E0AD}.Release|Any CPU.Build.0 = Release|Any CPU
		{6F7D8D44-E602-4109-857A-CB334124E0AD}.Release|Any CPU.Deploy.0 = Release|Any CPU
		{6F7D8D44-E602-4109-857A-CB334124E0AD}.Release|ARM.ActiveCfg = Release|Any CPU
		{6F7D8D44-E602-4109-857A-CB334124E0AD}.Release|ARM.Build.0 = Release|Any CPU
		{6F7D8D44-E602-4109-857A-CB334124E0AD}.Release|ARM.Deploy.0 = Release|Any CPU
		{6F7D8D44-E602-4109-857A-CB334124E0AD}.Release|x64.ActiveCfg = Release|x64
		{6F7D8D44-E602-4109-857A-CB334124E0AD}.Release|x64.Build.0 = Release|x64
		{6F7D8D44-E602-4109-857A-CB334124E0AD}.Release|x64.Deploy.0 = Release|x64
		{6F7D8D44-E602-4109-857A-CB334124E0AD}.Release|x86.ActiveCfg = Release|x86
		{6F7D8D44-E602-4109-857A-CB334124E0AD}.Release|x86.Build.0 = Release|x86
		{6F7D8D44-E602-4109-857A-CB334124E0AD}.Release|x86.Deploy.0 = Release|x86
	EndGlobalSection
	GlobalSection(SolutionProperties) = preSolution
		HideSolutionNode = FALSE
	EndGlobalSection
	GlobalSection(ExtensibilityGlobals) = postSolution
		SolutionGuid = {07EF1DEA-4453-486C-8ACC-DDC4D206B7C7}
	EndGlobalSection
EndGlobal
