
Microsoft Visual Studio Solution File, Format Version 12.00
# Visual Studio 14
VisualStudioVersion = 14.0.25420.1
MinimumVisualStudioVersion = 10.0.40219.1
Project("{FAE04EC0-301F-11D3-BF4B-00C04F79EFBC}") = "AmiKoDesitin", "AmiKoWindows\AmiKoDesitin.csproj", "{5D7DBE7B-A8B3-4988-AAE8-6419EACFD15D}"
EndProject
Project("{FAE04EC0-301F-11D3-BF4B-00C04F79EFBC}") = "CoMedDesitin", "AmiKoWindows\CoMedDesitin.csproj", "{170A60E6-3152-4E72-97B6-E7378E22CD3F}"
EndProject
Global
	GlobalSection(SolutionConfigurationPlatforms) = preSolution
		Debug|Any CPU = Debug|Any CPU
		Debug|ARM = Debug|ARM
		Debug|x64 = Debug|x64
		Debug|x86 = Debug|x86
		Release|Any CPU = Release|Any CPU
		Release|ARM = Release|ARM
		Release|x64 = Release|x64
		Release|x86 = Release|x86
	EndGlobalSection
	GlobalSection(ProjectConfigurationPlatforms) = postSolution
		{5D7DBE7B-A8B3-4988-AAE8-6419EACFD15D}.Debug|Any CPU.ActiveCfg = Debug|Any CPU
		{5D7DBE7B-A8B3-4988-AAE8-6419EACFD15D}.Debug|Any CPU.Build.0 = Debug|Any CPU
		{5D7DBE7B-A8B3-4988-AAE8-6419EACFD15D}.Debug|ARM.ActiveCfg = Debug|Any CPU
		{5D7DBE7B-A8B3-4988-AAE8-6419EACFD15D}.Debug|ARM.Build.0 = Debug|Any CPU
		{5D7DBE7B-A8B3-4988-AAE8-6419EACFD15D}.Debug|x64.ActiveCfg = Debug|Any CPU
		{5D7DBE7B-A8B3-4988-AAE8-6419EACFD15D}.Debug|x64.Build.0 = Debug|Any CPU
		{5D7DBE7B-A8B3-4988-AAE8-6419EACFD15D}.Debug|x86.ActiveCfg = Debug|Any CPU
		{5D7DBE7B-A8B3-4988-AAE8-6419EACFD15D}.Debug|x86.Build.0 = Debug|Any CPU
		{5D7DBE7B-A8B3-4988-AAE8-6419EACFD15D}.Release|Any CPU.ActiveCfg = Release|Any CPU
		{5D7DBE7B-A8B3-4988-AAE8-6419EACFD15D}.Release|Any CPU.Build.0 = Release|Any CPU
		{5D7DBE7B-A8B3-4988-AAE8-6419EACFD15D}.Release|Any CPU.Deploy.0 = Release|Any CPU
		{5D7DBE7B-A8B3-4988-AAE8-6419EACFD15D}.Release|ARM.ActiveCfg = Release|Any CPU
		{5D7DBE7B-A8B3-4988-AAE8-6419EACFD15D}.Release|ARM.Build.0 = Release|Any CPU
		{5D7DBE7B-A8B3-4988-AAE8-6419EACFD15D}.Release|x64.ActiveCfg = Release|Any CPU
		{5D7DBE7B-A8B3-4988-AAE8-6419EACFD15D}.Release|x64.Build.0 = Release|Any CPU
		{5D7DBE7B-A8B3-4988-AAE8-6419EACFD15D}.Release|x86.ActiveCfg = Release|Any CPU
		{5D7DBE7B-A8B3-4988-AAE8-6419EACFD15D}.Release|x86.Build.0 = Release|Any CPU
		{170A60E6-3152-4E72-97B6-E7378E22CD3F}.Debug|Any CPU.ActiveCfg = Debug|Any CPU
		{170A60E6-3152-4E72-97B6-E7378E22CD3F}.Debug|Any CPU.Build.0 = Debug|Any CPU
		{170A60E6-3152-4E72-97B6-E7378E22CD3F}.Debug|ARM.ActiveCfg = Debug|Any CPU
		{170A60E6-3152-4E72-97B6-E7378E22CD3F}.Debug|ARM.Build.0 = Debug|Any CPU
		{170A60E6-3152-4E72-97B6-E7378E22CD3F}.Debug|x64.ActiveCfg = Debug|Any CPU
		{170A60E6-3152-4E72-97B6-E7378E22CD3F}.Debug|x64.Build.0 = Debug|Any CPU
		{170A60E6-3152-4E72-97B6-E7378E22CD3F}.Debug|x86.ActiveCfg = Debug|Any CPU
		{170A60E6-3152-4E72-97B6-E7378E22CD3F}.Debug|x86.Build.0 = Debug|Any CPU
		{170A60E6-3152-4E72-97B6-E7378E22CD3F}.Release|Any CPU.ActiveCfg = Release|Any CPU
		{170A60E6-3152-4E72-97B6-E7378E22CD3F}.Release|Any CPU.Build.0 = Release|Any CPU
		{170A60E6-3152-4E72-97B6-E7378E22CD3F}.Release|ARM.ActiveCfg = Release|Any CPU
		{170A60E6-3152-4E72-97B6-E7378E22CD3F}.Release|ARM.Build.0 = Release|Any CPU
		{170A60E6-3152-4E72-97B6-E7378E22CD3F}.Release|x64.ActiveCfg = Release|Any CPU
		{170A60E6-3152-4E72-97B6-E7378E22CD3F}.Release|x64.Build.0 = Release|Any CPU
		{170A60E6-3152-4E72-97B6-E7378E22CD3F}.Release|x86.ActiveCfg = Release|Any CPU
		{170A60E6-3152-4E72-97B6-E7378E22CD3F}.Release|x86.Build.0 = Release|Any CPU
	EndGlobalSection
	GlobalSection(SolutionProperties) = preSolution
		HideSolutionNode = FALSE
	EndGlobalSection
EndGlobal
